lockfileVersion: '6.0'

settings:
  autoInstallPeers: true
  excludeLinksFromLockfile: false

dependencies:
  '@tensorflow-models/coco-ssd':
    specifier: ^2.2.3
    version: 2.2.3(@tensorflow/tfjs-converter@4.21.0)(@tensorflow/tfjs-core@4.21.0)
  '@tensorflow/tfjs':
    specifier: ^4.21.0
    version: 4.21.0(seedrandom@3.0.5)
  '@tensorflow/tfjs-tflite':
    specifier: 0.0.1-alpha.10
    version: 0.0.1-alpha.10(@tensorflow/tfjs-core@4.21.0)
  '@testing-library/jest-dom':
    specifier: ^4.2.4
    version: 4.2.4
  '@testing-library/react':
    specifier: ^9.3.2
    version: 9.5.0(react-dom@18.3.1)(react@18.3.1)
  '@testing-library/user-event':
    specifier: ^7.1.2
    version: 7.2.1(@testing-library/dom@10.4.0)
  fingerpose:
    specifier: 0.0.2
    version: 0.0.2
  next:
    specifier: 14.2.13
    version: 14.2.13(react-dom@18.3.1)(react@18.3.1)
  react:
    specifier: ^18
    version: 18.3.1
  react-dom:
    specifier: ^18
    version: 18.3.1(react@18.3.1)
  react-webcam:
    specifier: ^7.2.0
    version: 7.2.0(react-dom@18.3.1)(react@18.3.1)

packages:

  /@babel/code-frame@7.24.7:
    resolution: {integrity: sha512-BcYH1CVJBO9tvyIZ2jVeXgSIMvGZ2FDRvDdOIVQyuklNKSsx+eppDEBq/g47Ayw+RqNFE+URvOShmf+f/qwAlA==}
    engines: {node: '>=6.9.0'}
    dependencies:
      '@babel/highlight': 7.24.7
      picocolors: 1.1.0
    dev: false

  /@babel/helper-validator-identifier@7.24.7:
    resolution: {integrity: sha512-rR+PBcQ1SMQDDyF6X0wxtG8QyLCgUB0eRAGguqRLfkCA87l7yAP7ehq8SNj96OOGTO8OBV70KhuFYcIkHXOg0w==}
    engines: {node: '>=6.9.0'}
    dev: false

  /@babel/highlight@7.24.7:
    resolution: {integrity: sha512-EStJpq4OuY8xYfhGVXngigBJRWxftKX9ksiGDnmlY3o7B/V7KIAc9X4oiK87uPJSc/vs5L869bem5fhZa8caZw==}
    engines: {node: '>=6.9.0'}
    dependencies:
      '@babel/helper-validator-identifier': 7.24.7
      chalk: 2.4.2
      js-tokens: 4.0.0
      picocolors: 1.1.0
    dev: false

  /@babel/runtime-corejs3@7.25.6:
    resolution: {integrity: sha512-Gz0Nrobx8szge6kQQ5Z5MX9L3ObqNwCQY1PSwSNzreFL7aHGxv8Fp2j3ETV6/wWdbiV+mW6OSm8oQhg3Tcsniw==}
    engines: {node: '>=6.9.0'}
    dependencies:
      core-js-pure: 3.38.1
      regenerator-runtime: 0.14.1
    dev: false

  /@babel/runtime@7.25.6:
    resolution: {integrity: sha512-VBj9MYyDb9tuLq7yzqjgzt6Q+IBQLrGZfdjOekyEirZPHxXWoTSGUTMrpsfi58Up73d13NfYLv8HT9vmznjzhQ==}
    engines: {node: '>=6.9.0'}
    dependencies:
      regenerator-runtime: 0.14.1
    dev: false

  /@jest/types@24.9.0:
    resolution: {integrity: sha512-XKK7ze1apu5JWQ5eZjHITP66AX+QsLlbaJRBGYr8pNzwcAE2JVkwnf0yqjHTsDRcjR0mujy/NmZMXw5kl+kGBw==}
    engines: {node: '>= 6'}
    dependencies:
      '@types/istanbul-lib-coverage': 2.0.6
      '@types/istanbul-reports': 1.1.2
      '@types/yargs': 13.0.12
    dev: false

  /@jest/types@25.5.0:
    resolution: {integrity: sha512-OXD0RgQ86Tu3MazKo8bnrkDRaDXXMGUqd+kTtLtK1Zb7CRzQcaSRPPPV37SvYTdevXEBVxe0HXylEjs8ibkmCw==}
    engines: {node: '>= 8.3'}
    dependencies:
      '@types/istanbul-lib-coverage': 2.0.6
      '@types/istanbul-reports': 1.1.2
      '@types/yargs': 15.0.19
      chalk: 3.0.0
    dev: false

  /@next/env@14.2.13:
    resolution: {integrity: sha512-s3lh6K8cbW1h5Nga7NNeXrbe0+2jIIYK9YaA9T7IufDWnZpozdFUp6Hf0d5rNWUKu4fEuSX2rCKlGjCrtylfDw==}
    dev: false

  /@next/swc-darwin-arm64@14.2.13:
    resolution: {integrity: sha512-IkAmQEa2Htq+wHACBxOsslt+jMoV3msvxCn0WFSfJSkv/scy+i/EukBKNad36grRxywaXUYJc9mxEGkeIs8Bzg==}
    engines: {node: '>= 10'}
    cpu: [arm64]
    os: [darwin]
    requiresBuild: true
    dev: false
    optional: true

  /@next/swc-darwin-x64@14.2.13:
    resolution: {integrity: sha512-Dv1RBGs2TTjkwEnFMVL5XIfJEavnLqqwYSD6LXgTPdEy/u6FlSrLBSSfe1pcfqhFEXRAgVL3Wpjibe5wXJzWog==}
    engines: {node: '>= 10'}
    cpu: [x64]
    os: [darwin]
    requiresBuild: true
    dev: false
    optional: true

  /@next/swc-linux-arm64-gnu@14.2.13:
    resolution: {integrity: sha512-yB1tYEFFqo4ZNWkwrJultbsw7NPAAxlPXURXioRl9SdW6aIefOLS+0TEsKrWBtbJ9moTDgU3HRILL6QBQnMevg==}
    engines: {node: '>= 10'}
    cpu: [arm64]
    os: [linux]
    requiresBuild: true
    dev: false
    optional: true

  /@next/swc-linux-arm64-musl@14.2.13:
    resolution: {integrity: sha512-v5jZ/FV/eHGoWhMKYrsAweQ7CWb8xsWGM/8m1mwwZQ/sutJjoFaXchwK4pX8NqwImILEvQmZWyb8pPTcP7htWg==}
    engines: {node: '>= 10'}
    cpu: [arm64]
    os: [linux]
    requiresBuild: true
    dev: false
    optional: true

  /@next/swc-linux-x64-gnu@14.2.13:
    resolution: {integrity: sha512-aVc7m4YL7ViiRv7SOXK3RplXzOEe/qQzRA5R2vpXboHABs3w8vtFslGTz+5tKiQzWUmTmBNVW0UQdhkKRORmGA==}
    engines: {node: '>= 10'}
    cpu: [x64]
    os: [linux]
    requiresBuild: true
    dev: false
    optional: true

  /@next/swc-linux-x64-musl@14.2.13:
    resolution: {integrity: sha512-4wWY7/OsSaJOOKvMsu1Teylku7vKyTuocvDLTZQq0TYv9OjiYYWt63PiE1nTuZnqQ4RPvME7Xai+9enoiN0Wrg==}
    engines: {node: '>= 10'}
    cpu: [x64]
    os: [linux]
    requiresBuild: true
    dev: false
    optional: true

  /@next/swc-win32-arm64-msvc@14.2.13:
    resolution: {integrity: sha512-uP1XkqCqV2NVH9+g2sC7qIw+w2tRbcMiXFEbMihkQ8B1+V6m28sshBwAB0SDmOe0u44ne1vFU66+gx/28RsBVQ==}
    engines: {node: '>= 10'}
    cpu: [arm64]
    os: [win32]
    requiresBuild: true
    dev: false
    optional: true

  /@next/swc-win32-ia32-msvc@14.2.13:
    resolution: {integrity: sha512-V26ezyjPqQpDBV4lcWIh8B/QICQ4v+M5Bo9ykLN+sqeKKBxJVDpEc6biDVyluTXTC40f5IqCU0ttth7Es2ZuMw==}
    engines: {node: '>= 10'}
    cpu: [ia32]
    os: [win32]
    requiresBuild: true
    dev: false
    optional: true

  /@next/swc-win32-x64-msvc@14.2.13:
    resolution: {integrity: sha512-WwzOEAFBGhlDHE5Z73mNU8CO8mqMNLqaG+AO9ETmzdCQlJhVtWZnOl2+rqgVQS+YHunjOWptdFmNfbpwcUuEsw==}
    engines: {node: '>= 10'}
    cpu: [x64]
    os: [win32]
    requiresBuild: true
    dev: false
    optional: true

  /@sheerun/mutationobserver-shim@0.3.3:
    resolution: {integrity: sha512-DetpxZw1fzPD5xUBrIAoplLChO2VB8DlL5Gg+I1IR9b2wPqYIca2WSUxL5g1vLeR4MsQq1NeWriXAVffV+U1Fw==}
    dev: false

  /@swc/counter@0.1.3:
    resolution: {integrity: sha512-e2BR4lsJkkRlKZ/qCHPw9ZaSxc0MVUd7gtbtaB7aMvHeJVYe8sOB8DBZkP2DtISHGSku9sCK6T6cnY0CtXrOCQ==}
    dev: false

  /@swc/helpers@0.5.5:
    resolution: {integrity: sha512-KGYxvIOXcceOAbEk4bi/dVLEK9z8sZ0uBB3Il5b1rhfClSpcX0yfRO0KmTkqR2cnQDymwLB+25ZyMzICg/cm/A==}
    dependencies:
      '@swc/counter': 0.1.3
      tslib: 2.7.0
    dev: false

  /@tensorflow-models/coco-ssd@2.2.3(@tensorflow/tfjs-converter@4.21.0)(@tensorflow/tfjs-core@4.21.0):
    resolution: {integrity: sha512-iCLGktG/XhHbP6h2FWxqCKMp/Px0lCp6MZU1fjNhjDHeaWEC9G7S7cZrnPXsfH+NewCM53YShlrHnknxU3SQig==}
    peerDependencies:
      '@tensorflow/tfjs-converter': ^4.10.0
      '@tensorflow/tfjs-core': ^4.10.0
    dependencies:
      '@tensorflow/tfjs-converter': 4.21.0(@tensorflow/tfjs-core@4.21.0)
      '@tensorflow/tfjs-core': 4.21.0
    dev: false

  /@tensorflow/tfjs-backend-cpu@4.21.0(@tensorflow/tfjs-core@4.21.0):
    resolution: {integrity: sha512-yS9Oisg4L48N7ML6677ilv1eP5Jt59S74skSU1cCsM4yBAtH4DAn9b89/JtqBISh6JadanfX26b4HCWQvMvqFg==}
    engines: {yarn: '>= 1.3.2'}
    peerDependencies:
      '@tensorflow/tfjs-core': 4.21.0
    dependencies:
      '@tensorflow/tfjs-core': 4.21.0
      '@types/seedrandom': 2.4.34
      seedrandom: 3.0.5
    dev: false

  /@tensorflow/tfjs-backend-webgl@4.21.0(@tensorflow/tfjs-core@4.21.0):
    resolution: {integrity: sha512-7k6mb7dd0uF9jI51iunF3rhEXjvR/a613kjWZ0Rj3o1COFrneyku2C7cRMZERWPhbgXZ+dF+j9MdpGIpgtShIQ==}
    engines: {yarn: '>= 1.3.2'}
    peerDependencies:
      '@tensorflow/tfjs-core': 4.21.0
    dependencies:
      '@tensorflow/tfjs-backend-cpu': 4.21.0(@tensorflow/tfjs-core@4.21.0)
      '@tensorflow/tfjs-core': 4.21.0
      '@types/offscreencanvas': 2019.3.0
      '@types/seedrandom': 2.4.34
      seedrandom: 3.0.5
    dev: false

  /@tensorflow/tfjs-converter@4.21.0(@tensorflow/tfjs-core@4.21.0):
    resolution: {integrity: sha512-cUhU+F1lGx2qnKk/gRy8odBh0PZlFz0Dl71TG8LVnj0/g352DqiNrKXlKO/po9aWzP8x0KUGC3gNMSMJW+T0DA==}
    peerDependencies:
      '@tensorflow/tfjs-core': 4.21.0
    dependencies:
      '@tensorflow/tfjs-core': 4.21.0
    dev: false

  /@tensorflow/tfjs-core@4.21.0:
    resolution: {integrity: sha512-ZbECwXps5wb9XXcGq4ZXvZDVjr5okc3I0+i/vU6bpQ+nVApyIrMiyEudP8f6vracVTvNmnlN62vUXoEsQb2F8g==}
    engines: {yarn: '>= 1.3.2'}
    dependencies:
      '@types/long': 4.0.2
      '@types/offscreencanvas': 2019.7.3
      '@types/seedrandom': 2.4.34
      '@webgpu/types': 0.1.38
      long: 4.0.0
      node-fetch: 2.6.13
      seedrandom: 3.0.5
    transitivePeerDependencies:
      - encoding
    dev: false

  /@tensorflow/tfjs-data@4.21.0(@tensorflow/tfjs-core@4.21.0)(seedrandom@3.0.5):
    resolution: {integrity: sha512-LpJ/vyQMwYHkcVCqIRg7IVVw13VBY7rNAiuhmKP9S5NP/2ye4KA8BJ4XwDIDgjCVQM7glK9L8bMav++xCDf7xA==}
    peerDependencies:
      '@tensorflow/tfjs-core': 4.21.0
      seedrandom: ^3.0.5
    dependencies:
      '@tensorflow/tfjs-core': 4.21.0
      '@types/node-fetch': 2.6.11
      node-fetch: 2.6.13
      seedrandom: 3.0.5
      string_decoder: 1.3.0
    transitivePeerDependencies:
      - encoding
    dev: false

  /@tensorflow/tfjs-layers@4.21.0(@tensorflow/tfjs-core@4.21.0):
    resolution: {integrity: sha512-a8KaMYlY3+llvE9079nvASKpaaf8xpCMdOjbgn+eGhdOGOcY7QuFUkd/2odvnXDG8fK/jffE1LoNOlfYoBHC4w==}
    peerDependencies:
      '@tensorflow/tfjs-core': 4.21.0
    dependencies:
      '@tensorflow/tfjs-core': 4.21.0
    dev: false

  /@tensorflow/tfjs-tflite@0.0.1-alpha.10(@tensorflow/tfjs-core@4.21.0):
    resolution: {integrity: sha512-/qmqsRBTg+XCWgNomJ/gdZIKFMpGiTEAwMhqk/7cOZEp/fTV69GuknOoSQjloYGWasQIDIriQO3bpi6T4PTEnA==}
    engines: {yarn: '>= 1.3.2'}
    peerDependencies:
      '@tensorflow/tfjs-core': 4.9.0
    dependencies:
      '@tensorflow/tfjs-core': 4.21.0
    dev: false

  /@tensorflow/tfjs@4.21.0(seedrandom@3.0.5):
    resolution: {integrity: sha512-7D/+H150ptvt+POMbsME3WlIvLiuBR2rCC2Z0hOKKb/5Ygkj7xsp/K2HzOvUj0g0yjk+utkU45QEYhnhjnbHRA==}
    hasBin: true
    dependencies:
      '@tensorflow/tfjs-backend-cpu': 4.21.0(@tensorflow/tfjs-core@4.21.0)
      '@tensorflow/tfjs-backend-webgl': 4.21.0(@tensorflow/tfjs-core@4.21.0)
      '@tensorflow/tfjs-converter': 4.21.0(@tensorflow/tfjs-core@4.21.0)
      '@tensorflow/tfjs-core': 4.21.0
      '@tensorflow/tfjs-data': 4.21.0(@tensorflow/tfjs-core@4.21.0)(seedrandom@3.0.5)
      '@tensorflow/tfjs-layers': 4.21.0(@tensorflow/tfjs-core@4.21.0)
      argparse: 1.0.10
      chalk: 4.1.2
      core-js: 3.29.1
      regenerator-runtime: 0.13.11
      yargs: 16.2.0
    transitivePeerDependencies:
      - encoding
      - seedrandom
    dev: false

  /@testing-library/dom@10.4.0:
    resolution: {integrity: sha512-pemlzrSESWbdAloYml3bAJMEfNh1Z7EduzqPKprCH5S341frlpYnUEW0H72dLxa6IsYr+mPno20GiSm+h9dEdQ==}
    engines: {node: '>=18'}
    dependencies:
      '@babel/code-frame': 7.24.7
      '@babel/runtime': 7.25.6
      '@types/aria-query': 5.0.4
      aria-query: 5.3.0
      chalk: 4.1.2
      dom-accessibility-api: 0.5.16
      lz-string: 1.5.0
      pretty-format: 27.5.1
    dev: false

  /@testing-library/dom@6.16.0:
    resolution: {integrity: sha512-lBD88ssxqEfz0wFL6MeUyyWZfV/2cjEZZV3YRpb2IoJRej/4f1jB0TzqIOznTpfR1r34CNesrubxwIlAQ8zgPA==}
    engines: {node: '>=8'}
    dependencies:
      '@babel/runtime': 7.25.6
      '@sheerun/mutationobserver-shim': 0.3.3
      '@types/testing-library__dom': 6.14.0
      aria-query: 4.2.2
      dom-accessibility-api: 0.3.0
      pretty-format: 25.5.0
      wait-for-expect: 3.0.2
    dev: false

  /@testing-library/jest-dom@4.2.4:
    resolution: {integrity: sha512-j31Bn0rQo12fhCWOUWy9fl7wtqkp7In/YP2p5ZFyRuiiB9Qs3g+hS4gAmDWONbAHcRmVooNJ5eOHQDCOmUFXHg==}
    engines: {node: '>=8', npm: '>=6'}
    dependencies:
      '@babel/runtime': 7.25.6
      chalk: 2.4.2
      css: 2.2.4
      css.escape: 1.5.1
      jest-diff: 24.9.0
      jest-matcher-utils: 24.9.0
      lodash: 4.17.21
      pretty-format: 24.9.0
      redent: 3.0.0
    dev: false

  /@testing-library/react@9.5.0(react-dom@18.3.1)(react@18.3.1):
    resolution: {integrity: sha512-di1b+D0p+rfeboHO5W7gTVeZDIK5+maEgstrZbWZSSvxDyfDRkkyBE1AJR5Psd6doNldluXlCWqXriUfqu/9Qg==}
    engines: {node: '>=8'}
    peerDependencies:
      react: '*'
      react-dom: '*'
    dependencies:
      '@babel/runtime': 7.25.6
      '@testing-library/dom': 6.16.0
      '@types/testing-library__react': 9.1.3
      react: 18.3.1
      react-dom: 18.3.1(react@18.3.1)
    dev: false

  /@testing-library/user-event@7.2.1(@testing-library/dom@10.4.0):
    resolution: {integrity: sha512-oZ0Ib5I4Z2pUEcoo95cT1cr6slco9WY7yiPpG+RGNkj8YcYgJnM7pXmYmorNOReh8MIGcKSqXyeGjxnr8YiZbA==}
    peerDependencies:
      '@testing-library/dom': '>=5'
    dependencies:
      '@testing-library/dom': 10.4.0
    dev: false

  /@types/aria-query@5.0.4:
    resolution: {integrity: sha512-rfT93uj5s0PRL7EzccGMs3brplhcrghnDoV26NqKhCAS1hVo+WdNsPvE/yb6ilfr5hi2MEk6d5EWJTKdxg8jVw==}
    dev: false

  /@types/istanbul-lib-coverage@2.0.6:
    resolution: {integrity: sha512-2QF/t/auWm0lsy8XtKVPG19v3sSOQlJe/YHZgfjb/KBBHOGSV+J2q/S671rcq9uTBrLAXmZpqJiaQbMT+zNU1w==}
    dev: false

  /@types/istanbul-lib-report@3.0.3:
    resolution: {integrity: sha512-NQn7AHQnk/RSLOxrBbGyJM/aVQ+pjj5HCgasFxc0K/KhoATfQ/47AyUl15I2yBUpihjmas+a+VJBOqecrFH+uA==}
    dependencies:
      '@types/istanbul-lib-coverage': 2.0.6
    dev: false

  /@types/istanbul-reports@1.1.2:
    resolution: {integrity: sha512-P/W9yOX/3oPZSpaYOCQzGqgCQRXn0FFO/V8bWrCQs+wLmvVVxk6CRBXALEvNs9OHIatlnlFokfhuDo2ug01ciw==}
    dependencies:
      '@types/istanbul-lib-coverage': 2.0.6
      '@types/istanbul-lib-report': 3.0.3
    dev: false

  /@types/long@4.0.2:
    resolution: {integrity: sha512-MqTGEo5bj5t157U6fA/BiDynNkn0YknVdh48CMPkTSpFTVmvao5UQmm7uEF6xBEo7qIMAlY/JSleYaE6VOdpaA==}
    dev: false

  /@types/node-fetch@2.6.11:
    resolution: {integrity: sha512-24xFj9R5+rfQJLRyM56qh+wnVSYhyXC2tkoBndtY0U+vubqNsYXGjufB2nn8Q6gt0LrARwL6UBtMCSVCwl4B1g==}
    dependencies:
      '@types/node': 22.7.2
      form-data: 4.0.0
    dev: false

  /@types/node@22.7.2:
    resolution: {integrity: sha512-866lXSrpGpgyHBZUa2m9YNWqHDjjM0aBTJlNtYaGEw4rqY/dcD7deRVTbBBAJelfA7oaGDbNftXF/TL/A6RgoA==}
    dependencies:
      undici-types: 6.19.8
    dev: false

  /@types/offscreencanvas@2019.3.0:
    resolution: {integrity: sha512-esIJx9bQg+QYF0ra8GnvfianIY8qWB0GBx54PK5Eps6m+xTj86KLavHv6qDhzKcu5UUOgNfJ2pWaIIV7TRUd9Q==}
    dev: false

  /@types/offscreencanvas@2019.7.3:
    resolution: {integrity: sha512-ieXiYmgSRXUDeOntE1InxjWyvEelZGP63M+cGuquuRLuIKKT1osnkXjxev9B7d1nXSug5vpunx+gNlbVxMlC9A==}
    dev: false

  /@types/prop-types@15.7.13:
    resolution: {integrity: sha512-hCZTSvwbzWGvhqxp/RqVqwU999pBf2vp7hzIjiYOsl8wqOmUxkQ6ddw1cV3l8811+kdUFus/q4d1Y3E3SyEifA==}
    dev: false

  /@types/react-dom@18.3.0:
    resolution: {integrity: sha512-EhwApuTmMBmXuFOikhQLIBUn6uFg81SwLMOAUgodJF14SOBOCMdU04gDoYi0WOJJHD144TL32z4yDqCW3dnkQg==}
    dependencies:
      '@types/react': 18.3.9
    dev: false

  /@types/react@18.3.9:
    resolution: {integrity: sha512-+BpAVyTpJkNWWSSnaLBk6ePpHLOGJKnEQNbINNovPWzvEUyAe3e+/d494QdEh71RekM/qV7lw6jzf1HGrJyAtQ==}
    dependencies:
      '@types/prop-types': 15.7.13
      csstype: 3.1.3
    dev: false

  /@types/seedrandom@2.4.34:
    resolution: {integrity: sha512-ytDiArvrn/3Xk6/vtylys5tlY6eo7Ane0hvcx++TKo6RxQXuVfW0AF/oeWqAj9dN29SyhtawuXstgmPlwNcv/A==}
    dev: false

  /@types/testing-library__dom@6.14.0:
    resolution: {integrity: sha512-sMl7OSv0AvMOqn1UJ6j1unPMIHRXen0Ita1ujnMX912rrOcawe4f7wu0Zt9GIQhBhJvH2BaibqFgQ3lP+Pj2hA==}
    dependencies:
      pretty-format: 24.9.0
    dev: false

  /@types/testing-library__dom@7.5.0:
    resolution: {integrity: sha512-mj1aH4cj3XUpMEgVpognma5kHVtbm6U6cHZmEFzCRiXPvKkuHrFr3+yXdGLXvfFRBaQIVshPGHI+hGTOJlhS/g==}
    deprecated: This is a stub types definition. testing-library__dom provides its own type definitions, so you do not need this installed.
    dependencies:
      '@testing-library/dom': 6.16.0
    dev: false

  /@types/testing-library__react@9.1.3:
    resolution: {integrity: sha512-iCdNPKU3IsYwRK9JieSYAiX0+aYDXOGAmrC/3/M7AqqSDKnWWVv07X+Zk1uFSL7cMTUYzv4lQRfohucEocn5/w==}
    dependencies:
      '@types/react-dom': 18.3.0
      '@types/testing-library__dom': 7.5.0
      pretty-format: 25.5.0
    dev: false

  /@types/yargs-parser@21.0.3:
    resolution: {integrity: sha512-I4q9QU9MQv4oEOz4tAHJtNz1cwuLxn2F3xcc2iV5WdqLPpUnj30aUuxt1mAxYTG+oe8CZMV/+6rU4S4gRDzqtQ==}
    dev: false

  /@types/yargs@13.0.12:
    resolution: {integrity: sha512-qCxJE1qgz2y0hA4pIxjBR+PelCH0U5CK1XJXFwCNqfmliatKp47UCXXE9Dyk1OXBDLvsCF57TqQEJaeLfDYEOQ==}
    dependencies:
      '@types/yargs-parser': 21.0.3
    dev: false

  /@types/yargs@15.0.19:
    resolution: {integrity: sha512-2XUaGVmyQjgyAZldf0D0c14vvo/yv0MhQBSTJcejMMaitsn3nxCB6TmH4G0ZQf+uxROOa9mpanoSm8h6SG/1ZA==}
    dependencies:
      '@types/yargs-parser': 21.0.3
    dev: false

  /@webgpu/types@0.1.38:
    resolution: {integrity: sha512-7LrhVKz2PRh+DD7+S+PVaFd5HxaWQvoMqBbsV9fNJO1pjUs1P8bM2vQVNfk+3URTqbuTI7gkXi0rfsN0IadoBA==}
    dev: false

  /ansi-regex@4.1.1:
    resolution: {integrity: sha512-ILlv4k/3f6vfQ4OoP2AGvirOktlQ98ZEL1k9FaQjxa3L1abBgbuTDAdPOpvbGncC0BTVQrl+OM8xZGK6tWXt7g==}
    engines: {node: '>=6'}
    dev: false

  /ansi-regex@5.0.1:
    resolution: {integrity: sha512-quJQXlTSUGL2LH9SUXo8VwsY4soanhgo6LNSm84E1LBcE8s3O0wpdiRzyR9z/ZZJMlMWv37qOOb9pdJlMUEKFQ==}
    engines: {node: '>=8'}
    dev: false

  /ansi-styles@3.2.1:
    resolution: {integrity: sha512-VT0ZI6kZRdTh8YyJw3SMbYm/u+NqfsAxEpWO0Pf9sq8/e94WxxOpPKx9FR1FlyCtOVDNOQ+8ntlqFxiRc+r5qA==}
    engines: {node: '>=4'}
    dependencies:
      color-convert: 1.9.3
    dev: false

  /ansi-styles@4.3.0:
    resolution: {integrity: sha512-zbB9rCJAT1rbjiVDb2hqKFHNYLxgtk8NURxZ3IZwD3F6NtxbXZQCnnSi1Lkx+IDohdPlFp222wVALIheZJQSEg==}
    engines: {node: '>=8'}
    dependencies:
      color-convert: 2.0.1
    dev: false

  /ansi-styles@5.2.0:
    resolution: {integrity: sha512-Cxwpt2SfTzTtXcfOlzGEee8O+c+MmUgGrNiBcXnuWxuFJHe6a5Hz7qwhwe5OgaSYI0IJvkLqWX1ASG+cJOkEiA==}
    engines: {node: '>=10'}
    dev: false

  /argparse@1.0.10:
    resolution: {integrity: sha512-o5Roy6tNG4SL/FOkCAN6RzjiakZS25RLYFrcMttJqbdd8BWrnA+fGz57iN5Pb06pvBGvl5gQ0B48dJlslXvoTg==}
    dependencies:
      sprintf-js: 1.0.3
    dev: false

  /aria-query@4.2.2:
    resolution: {integrity: sha512-o/HelwhuKpTj/frsOsbNLNgnNGVIFsVP/SW2BSF14gVl7kAfMOJ6/8wUAUvG1R1NHKrfG+2sHZTu0yauT1qBrA==}
    engines: {node: '>=6.0'}
    dependencies:
      '@babel/runtime': 7.25.6
      '@babel/runtime-corejs3': 7.25.6
    dev: false

  /aria-query@5.3.0:
    resolution: {integrity: sha512-b0P0sZPKtyu8HkeRAfCq0IfURZK+SuwMjY1UXGBU27wpAiTwQAIlq56IbIO+ytk/JjS1fMR14ee5WBBfKi5J6A==}
    dependencies:
      dequal: 2.0.3
    dev: false

  /asynckit@0.4.0:
    resolution: {integrity: sha512-Oei9OH4tRh0YqU3GxhX79dM/mwVgvbZJaSNaRk+bshkj0S5cfHcgYakreBjrHwatXKbz+IoIdYLxrKim2MjW0Q==}
    dev: false

  /atob@2.1.2:
    resolution: {integrity: sha512-Wm6ukoaOGJi/73p/cl2GvLjTI5JM1k/O14isD73YML8StrH/7/lRFgmg8nICZgD3bZZvjwCGxtMOD3wWNAu8cg==}
    engines: {node: '>= 4.5.0'}
    hasBin: true
    dev: false

  /busboy@1.6.0:
    resolution: {integrity: sha512-8SFQbg/0hQ9xy3UNTB0YEnsNBbWfhf7RtnzpL7TkBiTBRfrQ9Fxcnz7VJsleJpyp6rVLvXiuORqjlHi5q+PYuA==}
    engines: {node: '>=10.16.0'}
    dependencies:
      streamsearch: 1.1.0
    dev: false

  /caniuse-lite@1.0.30001664:
    resolution: {integrity: sha512-AmE7k4dXiNKQipgn7a2xg558IRqPN3jMQY/rOsbxDhrd0tyChwbITBfiwtnqz8bi2M5mIWbxAYBvk7W7QBUS2g==}
    dev: false

  /chalk@2.4.2:
    resolution: {integrity: sha512-Mti+f9lpJNcwF4tWV8/OrTTtF1gZi+f8FqlyAdouralcFWFQWF2+NgCHShjkCb+IFBLq9buZwE1xckQU4peSuQ==}
    engines: {node: '>=4'}
    dependencies:
      ansi-styles: 3.2.1
      escape-string-regexp: 1.0.5
      supports-color: 5.5.0
    dev: false

  /chalk@3.0.0:
    resolution: {integrity: sha512-4D3B6Wf41KOYRFdszmDqMCGq5VV/uMAB273JILmO+3jAlh8X4qDtdtgCR3fxtbLEMzSx22QdhnDcJvu2u1fVwg==}
    engines: {node: '>=8'}
    dependencies:
      ansi-styles: 4.3.0
      supports-color: 7.2.0
    dev: false

  /chalk@4.1.2:
    resolution: {integrity: sha512-oKnbhFyRIXpUuez8iBMmyEa4nbj4IOQyuhc/wy9kY7/WVPcwIO9VA668Pu8RkO7+0G76SLROeyw9CpQ061i4mA==}
    engines: {node: '>=10'}
    dependencies:
      ansi-styles: 4.3.0
      supports-color: 7.2.0
    dev: false

  /client-only@0.0.1:
    resolution: {integrity: sha512-IV3Ou0jSMzZrd3pZ48nLkT9DA7Ag1pnPzaiQhpW7c3RbcqqzvzzVu+L8gfqMp/8IM2MQtSiqaCxrrcfu8I8rMA==}
    dev: false

  /cliui@7.0.4:
    resolution: {integrity: sha512-OcRE68cOsVMXp1Yvonl/fzkQOyjLSu/8bhPDfQt0e0/Eb283TKP20Fs2MqoPsr9SwA595rRCA+QMzYc9nBP+JQ==}
    dependencies:
      string-width: 4.2.3
      strip-ansi: 6.0.1
      wrap-ansi: 7.0.0
    dev: false

  /color-convert@1.9.3:
    resolution: {integrity: sha512-QfAUtd+vFdAtFQcC8CCyYt1fYWxSqAiK2cSD6zDB8N3cpsEBAvRxp9zOGg6G/SHHJYAT88/az/IuDGALsNVbGg==}
    dependencies:
      color-name: 1.1.3
    dev: false

  /color-convert@2.0.1:
    resolution: {integrity: sha512-RRECPsj7iu/xb5oKYcsFHSppFNnsj/52OVTRKb4zP5onXwVF3zVmmToNcOfGC+CRDpfK/U584fMg38ZHCaElKQ==}
    engines: {node: '>=7.0.0'}
    dependencies:
      color-name: 1.1.4
    dev: false

  /color-name@1.1.3:
    resolution: {integrity: sha512-72fSenhMw2HZMTVHeCA9KCmpEIbzWiQsjN+BHcBbS9vr1mtt+vJjPdksIBNUmKAW8TFUDPJK5SUU3QhE9NEXDw==}
    dev: false

  /color-name@1.1.4:
    resolution: {integrity: sha512-dOy+3AuW3a2wNbZHIuMZpTcgjGuLU/uBL/ubcZF9OXbDo8ff4O8yVp5Bf0efS8uEoYo5q4Fx7dY9OgQGXgAsQA==}
    dev: false

  /combined-stream@1.0.8:
    resolution: {integrity: sha512-FQN4MRfuJeHf7cBbBMJFXhKSDq+2kAArBlmRBvcvFE5BB1HZKXtSFASDhdlz9zOYwxh8lDdnvmMOe/+5cdoEdg==}
    engines: {node: '>= 0.8'}
    dependencies:
      delayed-stream: 1.0.0
    dev: false

  /core-js-pure@3.38.1:
    resolution: {integrity: sha512-BY8Etc1FZqdw1glX0XNOq2FDwfrg/VGqoZOZCdaL+UmdaqDwQwYXkMJT4t6In+zfEfOJDcM9T0KdbBeJg8KKCQ==}
    requiresBuild: true
    dev: false

  /core-js@3.29.1:
    resolution: {integrity: sha512-+jwgnhg6cQxKYIIjGtAHq2nwUOolo9eoFZ4sHfUH09BLXBgxnH4gA0zEd+t+BO2cNB8idaBtZFcFTRjQJRJmAw==}
    requiresBuild: true
    dev: false

  /css.escape@1.5.1:
    resolution: {integrity: sha512-YUifsXXuknHlUsmlgyY0PKzgPOr7/FjCePfHNt0jxm83wHZi44VDMQ7/fGNkjY3/jV1MC+1CmZbaHzugyeRtpg==}
    dev: false

  /css@2.2.4:
    resolution: {integrity: sha512-oUnjmWpy0niI3x/mPL8dVEI1l7MnG3+HHyRPHf+YFSbK+svOhXpmSOcDURUh2aOCgl2grzrOPt1nHLuCVFULLw==}
    dependencies:
      inherits: 2.0.4
      source-map: 0.6.1
      source-map-resolve: 0.5.3
      urix: 0.1.0
    dev: false

  /csstype@3.1.3:
    resolution: {integrity: sha512-M1uQkMl8rQK/szD0LNhtqxIPLpimGm8sOBwU7lLnCpSbTyY3yeU1Vc7l4KT5zT4s/yOxHH5O7tIuuLOCnLADRw==}
    dev: false

  /decode-uri-component@0.2.2:
    resolution: {integrity: sha512-FqUYQ+8o158GyGTrMFJms9qh3CqTKvAqgqsTnkLI8sKu0028orqBhxNMFkFen0zGyg6epACD32pjVk58ngIErQ==}
    engines: {node: '>=0.10'}
    dev: false

  /delayed-stream@1.0.0:
    resolution: {integrity: sha512-ZySD7Nf91aLB0RxL4KGrKHBXl7Eds1DAmEdcoVawXnLD7SDhpNgtuII2aAkg7a7QS41jxPSZ17p4VdGnMHk3MQ==}
    engines: {node: '>=0.4.0'}
    dev: false

  /dequal@2.0.3:
    resolution: {integrity: sha512-0je+qPKHEMohvfRTCEo3CrPG6cAzAYgmzKyxRiYSSDkS6eGJdyVJm7WaYA5ECaAD9wLB2T4EEeymA5aFVcYXCA==}
    engines: {node: '>=6'}
    dev: false

  /diff-sequences@24.9.0:
    resolution: {integrity: sha512-Dj6Wk3tWyTE+Fo1rW8v0Xhwk80um6yFYKbuAxc9c3EZxIHFDYwbi34Uk42u1CdnIiVorvt4RmlSDjIPyzGC2ew==}
    engines: {node: '>= 6'}
    dev: false

  /dom-accessibility-api@0.3.0:
    resolution: {integrity: sha512-PzwHEmsRP3IGY4gv/Ug+rMeaTIyTJvadCb+ujYXYeIylbHJezIyNToe8KfEgHTCEYyC+/bUghYOGg8yMGlZ6vA==}
    dev: false

  /dom-accessibility-api@0.5.16:
    resolution: {integrity: sha512-X7BJ2yElsnOJ30pZF4uIIDfBEVgF4XEBxL9Bxhy6dnrm5hkzqmsWHGTiHqRiITNhMyFLyAiWndIJP7Z1NTteDg==}
    dev: false

  /emoji-regex@8.0.0:
    resolution: {integrity: sha512-MSjYzcWNOA0ewAHpz0MxpYFvwg6yjy1NG3xteoqz644VCo/RPgnr1/GGt+ic3iJTzQ8Eu3TdM14SawnVUmGE6A==}
    dev: false

  /escalade@3.2.0:
    resolution: {integrity: sha512-WUj2qlxaQtO4g6Pq5c29GTcWGDyd8itL8zTlipgECz3JesAiiOKotd8JU6otB3PACgG6xkJUyVhboMS+bje/jA==}
    engines: {node: '>=6'}
    dev: false

  /escape-string-regexp@1.0.5:
    resolution: {integrity: sha512-vbRorB5FUQWvla16U8R/qgaFIya2qGzwDrNmCZuYKrbdSUMG6I1ZCGQRefkRVhuOkIGVne7BQ35DSfo1qvJqFg==}
    engines: {node: '>=0.8.0'}
    dev: false

  /fingerpose@0.0.2:
    resolution: {integrity: sha512-KNFly+Qc8B8fumdzoP6PhEY/UHodzjXmyo5+0ZsbNs0F+X2Mn4iiErcofnGONwwtcDuL2pvCC8bCwI9u1qPLDw==}
    dev: false

  /form-data@4.0.0:
    resolution: {integrity: sha512-ETEklSGi5t0QMZuiXoA/Q6vcnxcLQP5vdugSpuAyi6SVGi2clPPp+xgEhuMaHC+zGgn31Kd235W35f7Hykkaww==}
    engines: {node: '>= 6'}
    dependencies:
      asynckit: 0.4.0
      combined-stream: 1.0.8
      mime-types: 2.1.35
    dev: false

  /get-caller-file@2.0.5:
    resolution: {integrity: sha512-DyFP3BM/3YHTQOCUL/w0OZHR0lpKeGrxotcHWcqNEdnltqFwXVfhEBQ94eIo34AfQpo0rGki4cyIiftY06h2Fg==}
    engines: {node: 6.* || 8.* || >= 10.*}
    dev: false

  /graceful-fs@4.2.11:
    resolution: {integrity: sha512-RbJ5/jmFcNNCcDV5o9eTnBLJ/HszWV0P73bc+Ff4nS/rJj+YaS6IGyiOL0VoBYX+l1Wrl3k63h/KrH+nhJ0XvQ==}
    dev: false

  /has-flag@3.0.0:
    resolution: {integrity: sha512-sKJf1+ceQBr4SMkvQnBDNDtf4TXpVhVGateu0t918bl30FnbE2m4vNLX+VWe/dpjlb+HugGYzW7uQXH98HPEYw==}
    engines: {node: '>=4'}
    dev: false

  /has-flag@4.0.0:
    resolution: {integrity: sha512-EykJT/Q1KjTWctppgIAgfSO0tKVuZUjhgMr17kqTumMl6Afv3EISleU7qZUzoXDFTAHTDC4NOoG/ZxU3EvlMPQ==}
    engines: {node: '>=8'}
    dev: false

  /indent-string@4.0.0:
    resolution: {integrity: sha512-EdDDZu4A2OyIK7Lr/2zG+w5jmbuk1DVBnEwREQvBzspBJkCEbRa8GxU1lghYcaGJCnRWibjDXlq779X1/y5xwg==}
    engines: {node: '>=8'}
    dev: false

  /inherits@2.0.4:
    resolution: {integrity: sha512-k/vGaX4/Yla3WzyMCvTQOXYeIHvqOKtnqBduzTHpzpQZzAskKMhZ2K+EnBiSM9zGSoIFeMpXKxa4dYeZIQqewQ==}
    dev: false

  /is-fullwidth-code-point@3.0.0:
    resolution: {integrity: sha512-zymm5+u+sCsSWyD9qNaejV3DFvhCKclKdizYaJUuHA83RLjb7nSuGnddCHGv0hk+KY7BMAlsWeK4Ueg6EV6XQg==}
    engines: {node: '>=8'}
    dev: false

  /jest-diff@24.9.0:
    resolution: {integrity: sha512-qMfrTs8AdJE2iqrTp0hzh7kTd2PQWrsFyj9tORoKmu32xjPjeE4NyjVRDz8ybYwqS2ik8N4hsIpiVTyFeo2lBQ==}
    engines: {node: '>= 6'}
    dependencies:
      chalk: 2.4.2
      diff-sequences: 24.9.0
      jest-get-type: 24.9.0
      pretty-format: 24.9.0
    dev: false

  /jest-get-type@24.9.0:
    resolution: {integrity: sha512-lUseMzAley4LhIcpSP9Jf+fTrQ4a1yHQwLNeeVa2cEmbCGeoZAtYPOIv8JaxLD/sUpKxetKGP+gsHl8f8TSj8Q==}
    engines: {node: '>= 6'}
    dev: false

  /jest-matcher-utils@24.9.0:
    resolution: {integrity: sha512-OZz2IXsu6eaiMAwe67c1T+5tUAtQyQx27/EMEkbFAGiw52tB9em+uGbzpcgYVpA8wl0hlxKPZxrly4CXU/GjHA==}
    engines: {node: '>= 6'}
    dependencies:
      chalk: 2.4.2
      jest-diff: 24.9.0
      jest-get-type: 24.9.0
      pretty-format: 24.9.0
    dev: false

  /js-tokens@4.0.0:
    resolution: {integrity: sha512-RdJUflcE3cUzKiMqQgsCu06FPu9UdIJO0beYbPhHN4k6apgJtifcoCtT9bcxOpYBtpD2kCM6Sbzg4CausW/PKQ==}
    dev: false

  /lodash@4.17.21:
    resolution: {integrity: sha512-v2kDEe57lecTulaDIuNTPy3Ry4gLGJ6Z1O3vE1krgXZNrsQ+LFTGHVxVjcXPs17LhbZVGedAJv8XZ1tvj5FvSg==}
    dev: false

  /long@4.0.0:
    resolution: {integrity: sha512-XsP+KhQif4bjX1kbuSiySJFNAehNxgLb6hPRGJ9QsUr8ajHkuXGdrHmFUTUUXhDwVX2R5bY4JNZEwbUiMhV+MA==}
    dev: false

  /loose-envify@1.4.0:
    resolution: {integrity: sha512-lyuxPGr/Wfhrlem2CL/UcnUc1zcqKAImBDzukY7Y5F/yQiNdko6+fRLevlw1HgMySw7f611UIY408EtxRSoK3Q==}
    hasBin: true
    dependencies:
      js-tokens: 4.0.0
    dev: false

  /lz-string@1.5.0:
    resolution: {integrity: sha512-h5bgJWpxJNswbU7qCrV0tIKQCaS3blPDrqKWx+QxzuzL1zGUzij9XCWLrSLsJPu5t+eWA/ycetzYAO5IOMcWAQ==}
    hasBin: true
    dev: false

  /mime-db@1.52.0:
    resolution: {integrity: sha512-sPU4uV7dYlvtWJxwwxHD0PuihVNiE7TyAbQ5SWxDCB9mUYvOgroQOwYQQOKPJ8CIbE+1ETVlOoK1UC2nU3gYvg==}
    engines: {node: '>= 0.6'}
    dev: false

  /mime-types@2.1.35:
    resolution: {integrity: sha512-ZDY+bPm5zTTF+YpCrAU9nK0UgICYPT0QtT1NZWFv4s++TNkcgVaT0g6+4R2uI4MjQjzysHB1zxuWL50hzaeXiw==}
    engines: {node: '>= 0.6'}
    dependencies:
      mime-db: 1.52.0
    dev: false

  /min-indent@1.0.1:
    resolution: {integrity: sha512-I9jwMn07Sy/IwOj3zVkVik2JTvgpaykDZEigL6Rx6N9LbMywwUSMtxET+7lVoDLLd3O3IXwJwvuuns8UB/HeAg==}
    engines: {node: '>=4'}
    dev: false

  /nanoid@3.3.7:
    resolution: {integrity: sha512-eSRppjcPIatRIMC1U6UngP8XFcz8MQWGQdt1MTBQ7NaAmvXDfvNxbvWV3x2y6CdEUciCSsDHDQZbhYaB8QEo2g==}
    engines: {node: ^10 || ^12 || ^13.7 || ^14 || >=15.0.1}
    hasBin: true
    dev: false

  /next@14.2.13(react-dom@18.3.1)(react@18.3.1):
    resolution: {integrity: sha512-BseY9YNw8QJSwLYD7hlZzl6QVDoSFHL/URN5K64kVEVpCsSOWeyjbIGK+dZUaRViHTaMQX8aqmnn0PHBbGZezg==}
    engines: {node: '>=18.17.0'}
    hasBin: true
    peerDependencies:
      '@opentelemetry/api': ^1.1.0
      '@playwright/test': ^1.41.2
      react: ^18.2.0
      react-dom: ^18.2.0
      sass: ^1.3.0
    peerDependenciesMeta:
      '@opentelemetry/api':
        optional: true
      '@playwright/test':
        optional: true
      sass:
        optional: true
    dependencies:
      '@next/env': 14.2.13
      '@swc/helpers': 0.5.5
      busboy: 1.6.0
      caniuse-lite: 1.0.30001664
      graceful-fs: 4.2.11
      postcss: 8.4.31
      react: 18.3.1
      react-dom: 18.3.1(react@18.3.1)
      styled-jsx: 5.1.1(react@18.3.1)
    optionalDependencies:
      '@next/swc-darwin-arm64': 14.2.13
      '@next/swc-darwin-x64': 14.2.13
      '@next/swc-linux-arm64-gnu': 14.2.13
      '@next/swc-linux-arm64-musl': 14.2.13
      '@next/swc-linux-x64-gnu': 14.2.13
      '@next/swc-linux-x64-musl': 14.2.13
      '@next/swc-win32-arm64-msvc': 14.2.13
      '@next/swc-win32-ia32-msvc': 14.2.13
      '@next/swc-win32-x64-msvc': 14.2.13
    transitivePeerDependencies:
      - '@babel/core'
      - babel-plugin-macros
    dev: false

  /node-fetch@2.6.13:
    resolution: {integrity: sha512-StxNAxh15zr77QvvkmveSQ8uCQ4+v5FkvNTj0OESmiHu+VRi/gXArXtkWMElOsOUNLtUEvI4yS+rdtOHZTwlQA==}
    engines: {node: 4.x || >=6.0.0}
    peerDependencies:
      encoding: ^0.1.0
    peerDependenciesMeta:
      encoding:
        optional: true
    dependencies:
      whatwg-url: 5.0.0
    dev: false

  /picocolors@1.1.0:
    resolution: {integrity: sha512-TQ92mBOW0l3LeMeyLV6mzy/kWr8lkd/hp3mTg7wYK7zJhuBStmGMBG0BdeDZS/dZx1IukaX6Bk11zcln25o1Aw==}
    dev: false

  /postcss@8.4.31:
    resolution: {integrity: sha512-PS08Iboia9mts/2ygV3eLpY5ghnUcfLV/EXTOW1E2qYxJKGGBUtNjN76FYHnMs36RmARn41bC0AZmn+rR0OVpQ==}
    engines: {node: ^10 || ^12 || >=14}
    dependencies:
      nanoid: 3.3.7
      picocolors: 1.1.0
      source-map-js: 1.2.1
    dev: false

  /pretty-format@24.9.0:
    resolution: {integrity: sha512-00ZMZUiHaJrNfk33guavqgvfJS30sLYf0f8+Srklv0AMPodGGHcoHgksZ3OThYnIvOd+8yMCn0YiEOogjlgsnA==}
    engines: {node: '>= 6'}
    dependencies:
      '@jest/types': 24.9.0
      ansi-regex: 4.1.1
      ansi-styles: 3.2.1
      react-is: 16.13.1
    dev: false

  /pretty-format@25.5.0:
    resolution: {integrity: sha512-kbo/kq2LQ/A/is0PQwsEHM7Ca6//bGPPvU6UnsdDRSKTWxT/ru/xb88v4BJf6a69H+uTytOEsTusT9ksd/1iWQ==}
    engines: {node: '>= 8.3'}
    dependencies:
      '@jest/types': 25.5.0
      ansi-regex: 5.0.1
      ansi-styles: 4.3.0
      react-is: 16.13.1
    dev: false

  /pretty-format@27.5.1:
    resolution: {integrity: sha512-Qb1gy5OrP5+zDf2Bvnzdl3jsTf1qXVMazbvCoKhtKqVs4/YK4ozX4gKQJJVyNe+cajNPn0KoC0MC3FUmaHWEmQ==}
    engines: {node: ^10.13.0 || ^12.13.0 || ^14.15.0 || >=15.0.0}
    dependencies:
      ansi-regex: 5.0.1
      ansi-styles: 5.2.0
      react-is: 17.0.2
    dev: false

  /react-dom@18.3.1(react@18.3.1):
    resolution: {integrity: sha512-5m4nQKp+rZRb09LNH59GM4BxTh9251/ylbKIbpe7TpGxfJ+9kv6BLkLBXIjjspbgbnIBNqlI23tRnTWT0snUIw==}
    peerDependencies:
      react: ^18.3.1
    dependencies:
      loose-envify: 1.4.0
      react: 18.3.1
      scheduler: 0.23.2
    dev: false

  /react-is@16.13.1:
    resolution: {integrity: sha512-24e6ynE2H+OKt4kqsOvNd8kBpV65zoxbA4BVsEOB3ARVWQki/DHzaUoC5KuON/BiccDaCCTZBuOcfZs70kR8bQ==}
    dev: false

  /react-is@17.0.2:
    resolution: {integrity: sha512-w2GsyukL62IJnlaff/nRegPQR94C/XXamvMWmSHRJ4y7Ts/4ocGRmTHvOs8PSE6pB3dWOrD/nueuU5sduBsQ4w==}
    dev: false

  /react-webcam@7.2.0(react-dom@18.3.1)(react@18.3.1):
    resolution: {integrity: sha512-xkrzYPqa1ag2DP+2Q/kLKBmCIfEx49bVdgCCCcZf88oF+0NPEbkwYk3/s/C7Zy0mhM8k+hpdNkBLzxg8H0aWcg==}
    peerDependencies:
      react: '>=16.2.0'
      react-dom: '>=16.2.0'
    dependencies:
      react: 18.3.1
      react-dom: 18.3.1(react@18.3.1)
    dev: false

  /react@18.3.1:
    resolution: {integrity: sha512-wS+hAgJShR0KhEvPJArfuPVN1+Hz1t0Y6n5jLrGQbkb4urgPE/0Rve+1kMB1v/oWgHgm4WIcV+i7F2pTVj+2iQ==}
    engines: {node: '>=0.10.0'}
    dependencies:
      loose-envify: 1.4.0
    dev: false

  /redent@3.0.0:
    resolution: {integrity: sha512-6tDA8g98We0zd0GvVeMT9arEOnTw9qM03L9cJXaCjrip1OO764RDBLBfrB4cwzNGDj5OA5ioymC9GkizgWJDUg==}
    engines: {node: '>=8'}
    dependencies:
      indent-string: 4.0.0
      strip-indent: 3.0.0
    dev: false

  /regenerator-runtime@0.13.11:
    resolution: {integrity: sha512-kY1AZVr2Ra+t+piVaJ4gxaFaReZVH40AKNo7UCX6W+dEwBo/2oZJzqfuN1qLq1oL45o56cPaTXELwrTh8Fpggg==}
    dev: false

  /regenerator-runtime@0.14.1:
    resolution: {integrity: sha512-dYnhHh0nJoMfnkZs6GmmhFknAGRrLznOu5nc9ML+EJxGvrx6H7teuevqVqCuPcPK//3eDrrjQhehXVx9cnkGdw==}
    dev: false

  /require-directory@2.1.1:
    resolution: {integrity: sha512-fGxEI7+wsG9xrvdjsrlmL22OMTTiHRwAMroiEeMgq8gzoLC/PQr7RsRDSTLUg/bZAZtF+TVIkHc6/4RIKrui+Q==}
    engines: {node: '>=0.10.0'}
    dev: false

  /resolve-url@0.2.1:
    resolution: {integrity: sha512-ZuF55hVUQaaczgOIwqWzkEcEidmlD/xl44x1UZnhOXcYuFN2S6+rcxpG+C1N3So0wvNI3DmJICUFfu2SxhBmvg==}
    deprecated: https://github.com/lydell/resolve-url#deprecated
    dev: false

  /safe-buffer@5.2.1:
    resolution: {integrity: sha512-rp3So07KcdmmKbGvgaNxQSJr7bGVSVk5S9Eq1F+ppbRo70+YeaDxkw5Dd8NPN+GD6bjnYm2VuPuCXmpuYvmCXQ==}
    dev: false

  /scheduler@0.23.2:
    resolution: {integrity: sha512-UOShsPwz7NrMUqhR6t0hWjFduvOzbtv7toDH1/hIrfRNIDBnnBWd0CwJTGvTpngVlmwGCdP9/Zl/tVrDqcuYzQ==}
    dependencies:
      loose-envify: 1.4.0
    dev: false

  /seedrandom@3.0.5:
    resolution: {integrity: sha512-8OwmbklUNzwezjGInmZ+2clQmExQPvomqjL7LFqOYqtmuxRgQYqOD3mHaU+MvZn5FLUeVxVfQjwLZW/n/JFuqg==}
    dev: false

  /source-map-js@1.2.1:
    resolution: {integrity: sha512-UXWMKhLOwVKb728IUtQPXxfYU+usdybtUrK/8uGE8CQMvrhOpwvzDBwj0QhSL7MQc7vIsISBG8VQ8+IDQxpfQA==}
    engines: {node: '>=0.10.0'}
    dev: false

  /source-map-resolve@0.5.3:
    resolution: {integrity: sha512-Htz+RnsXWk5+P2slx5Jh3Q66vhQj1Cllm0zvnaY98+NFx+Dv2CF/f5O/t8x+KaNdrdIAsruNzoh/KpialbqAnw==}
    deprecated: See https://github.com/lydell/source-map-resolve#deprecated
    dependencies:
      atob: 2.1.2
      decode-uri-component: 0.2.2
      resolve-url: 0.2.1
      source-map-url: 0.4.1
      urix: 0.1.0
    dev: false

  /source-map-url@0.4.1:
    resolution: {integrity: sha512-cPiFOTLUKvJFIg4SKVScy4ilPPW6rFgMgfuZJPNoDuMs3nC1HbMUycBoJw77xFIp6z1UJQJOfx6C9GMH80DiTw==}
    deprecated: See https://github.com/lydell/source-map-url#deprecated
    dev: false

  /source-map@0.6.1:
    resolution: {integrity: sha512-UjgapumWlbMhkBgzT7Ykc5YXUT46F0iKu8SGXq0bcwP5dz/h0Plj6enJqjz1Zbq2l5WaqYnrVbwWOWMyF3F47g==}
    engines: {node: '>=0.10.0'}
    dev: false

  /sprintf-js@1.0.3:
    resolution: {integrity: sha512-D9cPgkvLlV3t3IzL0D0YLvGA9Ahk4PcvVwUbN0dSGr1aP0Nrt4AEnTUbuGvquEC0mA64Gqt1fzirlRs5ibXx8g==}
    dev: false

  /streamsearch@1.1.0:
    resolution: {integrity: sha512-Mcc5wHehp9aXz1ax6bZUyY5afg9u2rv5cqQI3mRrYkGC8rW2hM02jWuwjtL++LS5qinSyhj2QfLyNsuc+VsExg==}
    engines: {node: '>=10.0.0'}
    dev: false

  /string-width@4.2.3:
    resolution: {integrity: sha512-wKyQRQpjJ0sIp62ErSZdGsjMJWsap5oRNihHhu6G7JVO/9jIB6UyevL+tXuOqrng8j/cxKTWyWUwvSTriiZz/g==}
    engines: {node: '>=8'}
    dependencies:
      emoji-regex: 8.0.0
      is-fullwidth-code-point: 3.0.0
      strip-ansi: 6.0.1
    dev: false

  /string_decoder@1.3.0:
    resolution: {integrity: sha512-hkRX8U1WjJFd8LsDJ2yQ/wWWxaopEsABU1XfkM8A+j0+85JAGppt16cr1Whg6KIbb4okU6Mql6BOj+uup/wKeA==}
    dependencies:
      safe-buffer: 5.2.1
    dev: false

  /strip-ansi@6.0.1:
    resolution: {integrity: sha512-Y38VPSHcqkFrCpFnQ9vuSXmquuv5oXOKpGeT6aGrr3o3Gc9AlVa6JBfUSOCnbxGGZF+/0ooI7KrPuUSztUdU5A==}
    engines: {node: '>=8'}
    dependencies:
      ansi-regex: 5.0.1
    dev: false

  /strip-indent@3.0.0:
    resolution: {integrity: sha512-laJTa3Jb+VQpaC6DseHhF7dXVqHTfJPCRDaEbid/drOhgitgYku/letMUqOXFoWV0zIIUbjpdH2t+tYj4bQMRQ==}
    engines: {node: '>=8'}
    dependencies:
      min-indent: 1.0.1
    dev: false

  /styled-jsx@5.1.1(react@18.3.1):
    resolution: {integrity: sha512-pW7uC1l4mBZ8ugbiZrcIsiIvVx1UmTfw7UkC3Um2tmfUq9Bhk8IiyEIPl6F8agHgjzku6j0xQEZbfA5uSgSaCw==}
    engines: {node: '>= 12.0.0'}
    peerDependencies:
      '@babel/core': '*'
      babel-plugin-macros: '*'
      react: '>= 16.8.0 || 17.x.x || ^18.0.0-0'
    peerDependenciesMeta:
      '@babel/core':
        optional: true
      babel-plugin-macros:
        optional: true
    dependencies:
      client-only: 0.0.1
      react: 18.3.1
    dev: false

  /supports-color@5.5.0:
    resolution: {integrity: sha512-QjVjwdXIt408MIiAqCX4oUKsgU2EqAGzs2Ppkm4aQYbjm+ZEWEcW4SfFNTr4uMNZma0ey4f5lgLrkB0aX0QMow==}
    engines: {node: '>=4'}
    dependencies:
      has-flag: 3.0.0
    dev: false

  /supports-color@7.2.0:
    resolution: {integrity: sha512-qpCAvRl9stuOHveKsn7HncJRvv501qIacKzQlO/+Lwxc9+0q2wLyv4Dfvt80/DPn2pqOBsJdDiogXGR9+OvwRw==}
    engines: {node: '>=8'}
    dependencies:
      has-flag: 4.0.0
    dev: false

  /tr46@0.0.3:
    resolution: {integrity: sha512-N3WMsuqV66lT30CrXNbEjx4GEwlow3v6rr4mCcv6prnfwhS01rkgyFdjPNBYd9br7LpXV1+Emh01fHnq2Gdgrw==}
    dev: false

  /tslib@2.7.0:
    resolution: {integrity: sha512-gLXCKdN1/j47AiHiOkJN69hJmcbGTHI0ImLmbYLHykhgeN0jVGola9yVjFgzCUklsZQMW55o+dW7IXv3RCXDzA==}
    dev: false

  /undici-types@6.19.8:
    resolution: {integrity: sha512-ve2KP6f/JnbPBFyobGHuerC9g1FYGn/F8n1LWTwNxCEzd6IfqTwUQcNXgEtmmQ6DlRrC1hrSrBnCZPokRrDHjw==}
    dev: false

  /urix@0.1.0:
    resolution: {integrity: sha512-Am1ousAhSLBeB9cG/7k7r2R0zj50uDRlZHPGbazid5s9rlF1F/QKYObEKSIunSjIOkJZqwRRLpvewjEkM7pSqg==}
    deprecated: Please see https://github.com/lydell/urix#deprecated
    dev: false

  /wait-for-expect@3.0.2:
    resolution: {integrity: sha512-cfS1+DZxuav1aBYbaO/kE06EOS8yRw7qOFoD3XtjTkYvCvh3zUvNST8DXK/nPaeqIzIv3P3kL3lRJn8iwOiSag==}
    dev: false

  /webidl-conversions@3.0.1:
    resolution: {integrity: sha512-2JAn3z8AR6rjK8Sm8orRC0h/bcl/DqL7tRPdGZ4I1CjdF+EaMLmYxBHyXuKL849eucPFhvBoxMsflfOb8kxaeQ==}
    dev: false

  /whatwg-url@5.0.0:
    resolution: {integrity: sha512-saE57nupxk6v3HY35+jzBwYa0rKSy0XR8JSxZPwgLr7ys0IBzhGviA1/TUGJLmSVqs8pb9AnvICXEuOHLprYTw==}
    dependencies:
      tr46: 0.0.3
      webidl-conversions: 3.0.1
    dev: false

  /wrap-ansi@7.0.0:
    resolution: {integrity: sha512-YVGIj2kamLSTxw6NsZjoBxfSwsn0ycdesmc4p+Q21c5zPuZ1pl+NfxVdxPtdHvmNVOQ6XSYG4AUtyt/Fi7D16Q==}
    engines: {node: '>=10'}
    dependencies:
      ansi-styles: 4.3.0
      string-width: 4.2.3
      strip-ansi: 6.0.1
    dev: false

  /y18n@5.0.8:
    resolution: {integrity: sha512-0pfFzegeDWJHJIAmTLRP2DwHjdF5s7jo9tuztdQxAhINCdvS+3nGINqPd00AphqJR/0LhANUS6/+7SCb98YOfA==}
    engines: {node: '>=10'}
    dev: false

  /yargs-parser@20.2.9:
    resolution: {integrity: sha512-y11nGElTIV+CT3Zv9t7VKl+Q3hTQoT9a1Qzezhhl6Rp21gJ/IVTW7Z3y9EWXhuUBC2Shnf+DX0antecpAwSP8w==}
    engines: {node: '>=10'}
    dev: false

  /yargs@16.2.0:
    resolution: {integrity: sha512-D1mvvtDG0L5ft/jGWkLpG1+m0eQxOfaBvTNELraWj22wSVUMWxZUvYgJYcKh6jGGIkJFhH4IZPQhR4TKpc8mBw==}
    engines: {node: '>=10'}
    dependencies:
      cliui: 7.0.4
      escalade: 3.2.0
      get-caller-file: 2.0.5
      require-directory: 2.1.1
      string-width: 4.2.3
      y18n: 5.0.8
      yargs-parser: 20.2.9
    dev: false
